
Microsoft Visual Studio Solution File, Format Version 12.00
# Visual Studio 14
VisualStudioVersion = 14.0.24720.0
MinimumVisualStudioVersion = 10.0.40219.1
Project("{FAE04EC0-301F-11D3-BF4B-00C04F79EFBC}") = "MovieManagement", "MovieManagement\MovieManagement.csproj", "{699DF0C8-F817-4E96-9100-843F37B55615}"
EndProject
Project("{FAE04EC0-301F-11D3-BF4B-00C04F79EFBC}") = "MovieManagement.Tests", "MovieManagement.Tests\MovieManagement.Tests.csproj", "{2A887F89-D3BB-41E2-9757-6F13CCDB5B7D}"
EndProject
Global
	GlobalSection(SolutionConfigurationPlatforms) = preSolution
		Debug|Any CPU = Debug|Any CPU
		Release|Any CPU = Release|Any CPU
	EndGlobalSection
	GlobalSection(ProjectConfigurationPlatforms) = postSolution
		{699DF0C8-F817-4E96-9100-843F37B55615}.Debug|Any CPU.ActiveCfg = Debug|Any CPU
		{699DF0C8-F817-4E96-9100-843F37B55615}.Debug|Any CPU.Build.0 = Debug|Any CPU
		{699DF0C8-F817-4E96-9100-843F37B55615}.Release|Any CPU.ActiveCfg = Release|Any CPU
		{699DF0C8-F817-4E96-9100-843F37B55615}.Release|Any CPU.Build.0 = Release|Any CPU
		{2A887F89-D3BB-41E2-9757-6F13CCDB5B7D}.Debug|Any CPU.ActiveCfg = Debug|Any CPU
		{2A887F89-D3BB-41E2-9757-6F13CCDB5B7D}.Debug|Any CPU.Build.0 = Debug|Any CPU
		{2A887F89-D3BB-41E2-9757-6F13CCDB5B7D}.Release|Any CPU.ActiveCfg = Release|Any CPU
		{2A887F89-D3BB-41E2-9757-6F13CCDB5B7D}.Release|Any CPU.Build.0 = Release|Any CPU
	EndGlobalSection
	GlobalSection(SolutionProperties) = preSolution
		HideSolutionNode = FALSE
	EndGlobalSection
EndGlobal
